
Microsoft Visual Studio Solution File, Format Version 12.00
# Visual Studio Version 16
VisualStudioVersion = 16.0.30717.126
MinimumVisualStudioVersion = 10.0.40219.1
Project("{9A19103F-16F7-4668-BE54-9A1E7A4F7556}") = "Inventario5", "Inventario5\Inventario5.csproj", "{86A4320B-D484-4148-86B3-2A9375833C6F}"
EndProject
Global
	GlobalSection(SolutionConfigurationPlatforms) = preSolution
		Debug|Any CPU = Debug|Any CPU
		Release|Any CPU = Release|Any CPU
	EndGlobalSection
	GlobalSection(ProjectConfigurationPlatforms) = postSolution
		{86A4320B-D484-4148-86B3-2A9375833C6F}.Debug|Any CPU.ActiveCfg = Debug|Any CPU
		{86A4320B-D484-4148-86B3-2A9375833C6F}.Debug|Any CPU.Build.0 = Debug|Any CPU
		{86A4320B-D484-4148-86B3-2A9375833C6F}.Release|Any CPU.ActiveCfg = Release|Any CPU
		{86A4320B-D484-4148-86B3-2A9375833C6F}.Release|Any CPU.Build.0 = Release|Any CPU
	EndGlobalSection
	GlobalSection(SolutionProperties) = preSolution
		HideSolutionNode = FALSE
	EndGlobalSection
	GlobalSection(ExtensibilityGlobals) = postSolution
		SolutionGuid = {5F4D307D-E11D-4BF5-9500-F4B844C2959B}
	EndGlobalSection
EndGlobal
